// !$*UTF8*$!
{
	archiveVersion = 1;
	classes = {
	};
	objectVersion = 55;
	objects = {

/* Begin PBXBuildFile section */
		B34182F227469B4B000B7C46 /* DetailVM.swift in Sources */ = {isa = PBXBuildFile; fileRef = B34182F127469B4B000B7C46 /* DetailVM.swift */; };
		B392B6D2273C351B00496B22 /* Apple_FrameworksApp.swift in Sources */ = {isa = PBXBuildFile; fileRef = B392B6D1273C351B00496B22 /* Apple_FrameworksApp.swift */; };
		B392B6D6273C352600496B22 /* Assets.xcassets in Resources */ = {isa = PBXBuildFile; fileRef = B392B6D5273C352600496B22 /* Assets.xcassets */; };
		B392B6D9273C352600496B22 /* Preview Assets.xcassets in Resources */ = {isa = PBXBuildFile; fileRef = B392B6D8273C352600496B22 /* Preview Assets.xcassets */; };
		B392B6E3273C352700496B22 /* Apple_FrameworksTests.swift in Sources */ = {isa = PBXBuildFile; fileRef = B392B6E2273C352700496B22 /* Apple_FrameworksTests.swift */; };
		B392B6ED273C352700496B22 /* Apple_FrameworksUITests.swift in Sources */ = {isa = PBXBuildFile; fileRef = B392B6EC273C352700496B22 /* Apple_FrameworksUITests.swift */; };
		B392B6EF273C352700496B22 /* Apple_FrameworksUITestsLaunchTests.swift in Sources */ = {isa = PBXBuildFile; fileRef = B392B6EE273C352700496B22 /* Apple_FrameworksUITestsLaunchTests.swift */; };
		B392B6FC273C35BA00496B22 /* Framework.swift in Sources */ = {isa = PBXBuildFile; fileRef = B392B6FB273C35BA00496B22 /* Framework.swift */; };
		B392B6FE273C371F00496B22 /* FrameworkGridView.swift in Sources */ = {isa = PBXBuildFile; fileRef = B392B6FD273C371F00496B22 /* FrameworkGridView.swift */; };
		B392B700273C518100496B22 /* DetailView.swift in Sources */ = {isa = PBXBuildFile; fileRef = B392B6FF273C518100496B22 /* DetailView.swift */; };
		B392B702273C557800496B22 /* AFButton.swift in Sources */ = {isa = PBXBuildFile; fileRef = B392B701273C557800496B22 /* AFButton.swift */; };
		B392B704273C58B300496B22 /* FrameworkGridViewModel.swift in Sources */ = {isa = PBXBuildFile; fileRef = B392B703273C58B300496B22 /* FrameworkGridViewModel.swift */; };
		B392B706273C5E4400496B22 /* SafariView.swift in Sources */ = {isa = PBXBuildFile; fileRef = B392B705273C5E4400496B22 /* SafariView.swift */; };
		B392B708273C672600496B22 /* FrameworkTitleView.swift in Sources */ = {isa = PBXBuildFile; fileRef = B392B707273C672600496B22 /* FrameworkTitleView.swift */; };
		B392B70A273C678B00496B22 /* ExitButtonView.swift in Sources */ = {isa = PBXBuildFile; fileRef = B392B709273C678B00496B22 /* ExitButtonView.swift */; };
/* End PBXBuildFile section */

/* Begin PBXContainerItemProxy section */
		B392B6DF273C352700496B22 /* PBXContainerItemProxy */ = {
			isa = PBXContainerItemProxy;
			containerPortal = B392B6C6273C351B00496B22 /* Project object */;
			proxyType = 1;
			remoteGlobalIDString = B392B6CD273C351B00496B22;
			remoteInfo = "Apple Frameworks";
		};
		B392B6E9273C352700496B22 /* PBXContainerItemProxy */ = {
			isa = PBXContainerItemProxy;
			containerPortal = B392B6C6273C351B00496B22 /* Project object */;
			proxyType = 1;
			remoteGlobalIDString = B392B6CD273C351B00496B22;
			remoteInfo = "Apple Frameworks";
		};
/* End PBXContainerItemProxy section */

/* Begin PBXFileReference section */
		B34182F127469B4B000B7C46 /* DetailVM.swift */ = {isa = PBXFileReference; lastKnownFileType = sourcecode.swift; path = DetailVM.swift; sourceTree = "<group>"; };
		B392B6CE273C351B00496B22 /* Apple Frameworks.app */ = {isa = PBXFileReference; explicitFileType = wrapper.application; includeInIndex = 0; path = "Apple Frameworks.app"; sourceTree = BUILT_PRODUCTS_DIR; };
		B392B6D1273C351B00496B22 /* Apple_FrameworksApp.swift */ = {isa = PBXFileReference; lastKnownFileType = sourcecode.swift; path = Apple_FrameworksApp.swift; sourceTree = "<group>"; };
		B392B6D5273C352600496B22 /* Assets.xcassets */ = {isa = PBXFileReference; lastKnownFileType = folder.assetcatalog; path = Assets.xcassets; sourceTree = "<group>"; };
		B392B6D8273C352600496B22 /* Preview Assets.xcassets */ = {isa = PBXFileReference; lastKnownFileType = folder.assetcatalog; path = "Preview Assets.xcassets"; sourceTree = "<group>"; };
		B392B6DE273C352700496B22 /* Apple FrameworksTests.xctest */ = {isa = PBXFileReference; explicitFileType = wrapper.cfbundle; includeInIndex = 0; path = "Apple FrameworksTests.xctest"; sourceTree = BUILT_PRODUCTS_DIR; };
		B392B6E2273C352700496B22 /* Apple_FrameworksTests.swift */ = {isa = PBXFileReference; lastKnownFileType = sourcecode.swift; path = Apple_FrameworksTests.swift; sourceTree = "<group>"; };
		B392B6E8273C352700496B22 /* Apple FrameworksUITests.xctest */ = {isa = PBXFileReference; explicitFileType = wrapper.cfbundle; includeInIndex = 0; path = "Apple FrameworksUITests.xctest"; sourceTree = BUILT_PRODUCTS_DIR; };
		B392B6EC273C352700496B22 /* Apple_FrameworksUITests.swift */ = {isa = PBXFileReference; lastKnownFileType = sourcecode.swift; path = Apple_FrameworksUITests.swift; sourceTree = "<group>"; };
		B392B6EE273C352700496B22 /* Apple_FrameworksUITestsLaunchTests.swift */ = {isa = PBXFileReference; lastKnownFileType = sourcecode.swift; path = Apple_FrameworksUITestsLaunchTests.swift; sourceTree = "<group>"; };
		B392B6FB273C35BA00496B22 /* Framework.swift */ = {isa = PBXFileReference; lastKnownFileType = sourcecode.swift; path = Framework.swift; sourceTree = "<group>"; };
		B392B6FD273C371F00496B22 /* FrameworkGridView.swift */ = {isa = PBXFileReference; lastKnownFileType = sourcecode.swift; path = FrameworkGridView.swift; sourceTree = "<group>"; };
		B392B6FF273C518100496B22 /* DetailView.swift */ = {isa = PBXFileReference; lastKnownFileType = sourcecode.swift; path = DetailView.swift; sourceTree = "<group>"; };
		B392B701273C557800496B22 /* AFButton.swift */ = {isa = PBXFileReference; lastKnownFileType = sourcecode.swift; path = AFButton.swift; sourceTree = "<group>"; };
		B392B703273C58B300496B22 /* FrameworkGridViewModel.swift */ = {isa = PBXFileReference; lastKnownFileType = sourcecode.swift; path = FrameworkGridViewModel.swift; sourceTree = "<group>"; };
		B392B705273C5E4400496B22 /* SafariView.swift */ = {isa = PBXFileReference; lastKnownFileType = sourcecode.swift; path = SafariView.swift; sourceTree = "<group>"; };
		B392B707273C672600496B22 /* FrameworkTitleView.swift */ = {isa = PBXFileReference; lastKnownFileType = sourcecode.swift; path = FrameworkTitleView.swift; sourceTree = "<group>"; };
		B392B709273C678B00496B22 /* ExitButtonView.swift */ = {isa = PBXFileReference; lastKnownFileType = sourcecode.swift; path = ExitButtonView.swift; sourceTree = "<group>"; };
/* End PBXFileReference section */

/* Begin PBXFrameworksBuildPhase section */
		B392B6CB273C351B00496B22 /* Frameworks */ = {
			isa = PBXFrameworksBuildPhase;
			buildActionMask = 2147483647;
			files = (
			);
			runOnlyForDeploymentPostprocessing = 0;
		};
		B392B6DB273C352700496B22 /* Frameworks */ = {
			isa = PBXFrameworksBuildPhase;
			buildActionMask = 2147483647;
			files = (
			);
			runOnlyForDeploymentPostprocessing = 0;
		};
		B392B6E5273C352700496B22 /* Frameworks */ = {
			isa = PBXFrameworksBuildPhase;
			buildActionMask = 2147483647;
			files = (
			);
			runOnlyForDeploymentPostprocessing = 0;
		};
/* End PBXFrameworksBuildPhase section */

/* Begin PBXGroup section */
		B392B6C5273C351B00496B22 = {
			isa = PBXGroup;
			children = (
				B392B6D0273C351B00496B22 /* Apple Frameworks */,
				B392B6E1273C352700496B22 /* Apple FrameworksTests */,
				B392B6EB273C352700496B22 /* Apple FrameworksUITests */,
				B392B6CF273C351B00496B22 /* Products */,
			);
			sourceTree = "<group>";
		};
		B392B6CF273C351B00496B22 /* Products */ = {
			isa = PBXGroup;
			children = (
				B392B6CE273C351B00496B22 /* Apple Frameworks.app */,
				B392B6DE273C352700496B22 /* Apple FrameworksTests.xctest */,
				B392B6E8273C352700496B22 /* Apple FrameworksUITests.xctest */,
			);
			name = Products;
			sourceTree = "<group>";
		};
		B392B6D0273C351B00496B22 /* Apple Frameworks */ = {
			isa = PBXGroup;
			children = (
				B392B712273C693700496B22 /* UIKit Components */,
				B392B70F273C68FB00496B22 /* Views */,
				B392B70E273C68CF00496B22 /* Model */,
				B392B70B273C685800496B22 /* Screens */,
				B392B6D1273C351B00496B22 /* Apple_FrameworksApp.swift */,
				B392B6D5273C352600496B22 /* Assets.xcassets */,
				B392B6D7273C352600496B22 /* Preview Content */,
			);
			path = "Apple Frameworks";
			sourceTree = "<group>";
		};
		B392B6D7273C352600496B22 /* Preview Content */ = {
			isa = PBXGroup;
			children = (
				B392B6D8273C352600496B22 /* Preview Assets.xcassets */,
			);
			path = "Preview Content";
			sourceTree = "<group>";
		};
		B392B6E1273C352700496B22 /* Apple FrameworksTests */ = {
			isa = PBXGroup;
			children = (
				B392B6E2273C352700496B22 /* Apple_FrameworksTests.swift */,
			);
			path = "Apple FrameworksTests";
			sourceTree = "<group>";
		};
		B392B6EB273C352700496B22 /* Apple FrameworksUITests */ = {
			isa = PBXGroup;
			children = (
				B392B6EC273C352700496B22 /* Apple_FrameworksUITests.swift */,
				B392B6EE273C352700496B22 /* Apple_FrameworksUITestsLaunchTests.swift */,
			);
			path = "Apple FrameworksUITests";
			sourceTree = "<group>";
		};
		B392B70B273C685800496B22 /* Screens */ = {
			isa = PBXGroup;
			children = (
				B392B70C273C686500496B22 /* FrameworkGridView */,
				B392B70D273C688900496B22 /* DetailView */,
			);
			path = Screens;
			sourceTree = "<group>";
		};
		B392B70C273C686500496B22 /* FrameworkGridView */ = {
			isa = PBXGroup;
			children = (
				B392B6FD273C371F00496B22 /* FrameworkGridView.swift */,
				B392B703273C58B300496B22 /* FrameworkGridViewModel.swift */,
			);
			path = FrameworkGridView;
			sourceTree = "<group>";
		};
		B392B70D273C688900496B22 /* DetailView */ = {
			isa = PBXGroup;
			children = (
				B392B6FF273C518100496B22 /* DetailView.swift */,
				B34182F127469B4B000B7C46 /* DetailVM.swift */,
			);
			path = DetailView;
			sourceTree = "<group>";
		};
		B392B70E273C68CF00496B22 /* Model */ = {
			isa = PBXGroup;
			children = (
				B392B6FB273C35BA00496B22 /* Framework.swift */,
			);
			path = Model;
			sourceTree = "<group>";
		};
		B392B70F273C68FB00496B22 /* Views */ = {
			isa = PBXGroup;
			children = (
				B392B711273C692100496B22 /* View */,
				B392B710273C690E00496B22 /* Buttons */,
			);
			path = Views;
			sourceTree = "<group>";
		};
		B392B710273C690E00496B22 /* Buttons */ = {
			isa = PBXGroup;
			children = (
				B392B701273C557800496B22 /* AFButton.swift */,
				B392B709273C678B00496B22 /* ExitButtonView.swift */,
			);
			path = Buttons;
			sourceTree = "<group>";
		};
		B392B711273C692100496B22 /* View */ = {
			isa = PBXGroup;
			children = (
				B392B707273C672600496B22 /* FrameworkTitleView.swift */,
			);
			path = View;
			sourceTree = "<group>";
		};
		B392B712273C693700496B22 /* UIKit Components */ = {
			isa = PBXGroup;
			children = (
				B392B705273C5E4400496B22 /* SafariView.swift */,
			);
			path = "UIKit Components";
			sourceTree = "<group>";
		};
/* End PBXGroup section */

/* Begin PBXNativeTarget section */
		B392B6CD273C351B00496B22 /* Apple Frameworks */ = {
			isa = PBXNativeTarget;
			buildConfigurationList = B392B6F2273C352700496B22 /* Build configuration list for PBXNativeTarget "Apple Frameworks" */;
			buildPhases = (
				B392B6CA273C351B00496B22 /* Sources */,
				B392B6CB273C351B00496B22 /* Frameworks */,
				B392B6CC273C351B00496B22 /* Resources */,
			);
			buildRules = (
			);
			dependencies = (
			);
			name = "Apple Frameworks";
			productName = "Apple Frameworks";
			productReference = B392B6CE273C351B00496B22 /* Apple Frameworks.app */;
			productType = "com.apple.product-type.application";
		};
		B392B6DD273C352700496B22 /* Apple FrameworksTests */ = {
			isa = PBXNativeTarget;
			buildConfigurationList = B392B6F5273C352700496B22 /* Build configuration list for PBXNativeTarget "Apple FrameworksTests" */;
			buildPhases = (
				B392B6DA273C352700496B22 /* Sources */,
				B392B6DB273C352700496B22 /* Frameworks */,
				B392B6DC273C352700496B22 /* Resources */,
			);
			buildRules = (
			);
			dependencies = (
				B392B6E0273C352700496B22 /* PBXTargetDependency */,
			);
			name = "Apple FrameworksTests";
			productName = "Apple FrameworksTests";
			productReference = B392B6DE273C352700496B22 /* Apple FrameworksTests.xctest */;
			productType = "com.apple.product-type.bundle.unit-test";
		};
		B392B6E7273C352700496B22 /* Apple FrameworksUITests */ = {
			isa = PBXNativeTarget;
			buildConfigurationList = B392B6F8273C352700496B22 /* Build configuration list for PBXNativeTarget "Apple FrameworksUITests" */;
			buildPhases = (
				B392B6E4273C352700496B22 /* Sources */,
				B392B6E5273C352700496B22 /* Frameworks */,
				B392B6E6273C352700496B22 /* Resources */,
			);
			buildRules = (
			);
			dependencies = (
				B392B6EA273C352700496B22 /* PBXTargetDependency */,
			);
			name = "Apple FrameworksUITests";
			productName = "Apple FrameworksUITests";
			productReference = B392B6E8273C352700496B22 /* Apple FrameworksUITests.xctest */;
			productType = "com.apple.product-type.bundle.ui-testing";
		};
/* End PBXNativeTarget section */

/* Begin PBXProject section */
		B392B6C6273C351B00496B22 /* Project object */ = {
			isa = PBXProject;
			attributes = {
				BuildIndependentTargetsInParallel = 1;
				LastSwiftUpdateCheck = 1310;
				LastUpgradeCheck = 1310;
				TargetAttributes = {
					B392B6CD273C351B00496B22 = {
						CreatedOnToolsVersion = 13.1;
					};
					B392B6DD273C352700496B22 = {
						CreatedOnToolsVersion = 13.1;
						TestTargetID = B392B6CD273C351B00496B22;
					};
					B392B6E7273C352700496B22 = {
						CreatedOnToolsVersion = 13.1;
						TestTargetID = B392B6CD273C351B00496B22;
					};
				};
			};
			buildConfigurationList = B392B6C9273C351B00496B22 /* Build configuration list for PBXProject "Apple Frameworks" */;
			compatibilityVersion = "Xcode 13.0";
			developmentRegion = en;
			hasScannedForEncodings = 0;
			knownRegions = (
				en,
				Base,
			);
			mainGroup = B392B6C5273C351B00496B22;
			productRefGroup = B392B6CF273C351B00496B22 /* Products */;
			projectDirPath = "";
			projectRoot = "";
			targets = (
				B392B6CD273C351B00496B22 /* Apple Frameworks */,
				B392B6DD273C352700496B22 /* Apple FrameworksTests */,
				B392B6E7273C352700496B22 /* Apple FrameworksUITests */,
			);
		};
/* End PBXProject section */

/* Begin PBXResourcesBuildPhase section */
		B392B6CC273C351B00496B22 /* Resources */ = {
			isa = PBXResourcesBuildPhase;
			buildActionMask = 2147483647;
			files = (
				B392B6D9273C352600496B22 /* Preview Assets.xcassets in Resources */,
				B392B6D6273C352600496B22 /* Assets.xcassets in Resources */,
			);
			runOnlyForDeploymentPostprocessing = 0;
		};
		B392B6DC273C352700496B22 /* Resources */ = {
			isa = PBXResourcesBuildPhase;
			buildActionMask = 2147483647;
			files = (
			);
			runOnlyForDeploymentPostprocessing = 0;
		};
		B392B6E6273C352700496B22 /* Resources */ = {
			isa = PBXResourcesBuildPhase;
			buildActionMask = 2147483647;
			files = (
			);
			runOnlyForDeploymentPostprocessing = 0;
		};
/* End PBXResourcesBuildPhase section */

/* Begin PBXSourcesBuildPhase section */
		B392B6CA273C351B00496B22 /* Sources */ = {
			isa = PBXSourcesBuildPhase;
			buildActionMask = 2147483647;
			files = (
				B392B6FE273C371F00496B22 /* FrameworkGridView.swift in Sources */,
				B392B700273C518100496B22 /* DetailView.swift in Sources */,
				B392B6FC273C35BA00496B22 /* Framework.swift in Sources */,
				B392B702273C557800496B22 /* AFButton.swift in Sources */,
				B392B6D2273C351B00496B22 /* Apple_FrameworksApp.swift in Sources */,
				B392B704273C58B300496B22 /* FrameworkGridViewModel.swift in Sources */,
				B392B708273C672600496B22 /* FrameworkTitleView.swift in Sources */,
				B392B706273C5E4400496B22 /* SafariView.swift in Sources */,
				B392B70A273C678B00496B22 /* ExitButtonView.swift in Sources */,
				B34182F227469B4B000B7C46 /* DetailVM.swift in Sources */,
			);
			runOnlyForDeploymentPostprocessing = 0;
		};
		B392B6DA273C352700496B22 /* Sources */ = {
			isa = PBXSourcesBuildPhase;
			buildActionMask = 2147483647;
			files = (
				B392B6E3273C352700496B22 /* Apple_FrameworksTests.swift in Sources */,
			);
			runOnlyForDeploymentPostprocessing = 0;
		};
		B392B6E4273C352700496B22 /* Sources */ = {
			isa = PBXSourcesBuildPhase;
			buildActionMask = 2147483647;
			files = (
				B392B6EF273C352700496B22 /* Apple_FrameworksUITestsLaunchTests.swift in Sources */,
				B392B6ED273C352700496B22 /* Apple_FrameworksUITests.swift in Sources */,
			);
			runOnlyForDeploymentPostprocessing = 0;
		};
/* End PBXSourcesBuildPhase section */

/* Begin PBXTargetDependency section */
		B392B6E0273C352700496B22 /* PBXTargetDependency */ = {
			isa = PBXTargetDependency;
			target = B392B6CD273C351B00496B22 /* Apple Frameworks */;
			targetProxy = B392B6DF273C352700496B22 /* PBXContainerItemProxy */;
		};
		B392B6EA273C352700496B22 /* PBXTargetDependency */ = {
			isa = PBXTargetDependency;
			target = B392B6CD273C351B00496B22 /* Apple Frameworks */;
			targetProxy = B392B6E9273C352700496B22 /* PBXContainerItemProxy */;
		};
/* End PBXTargetDependency section */

/* Begin XCBuildConfiguration section */
		B392B6F0273C352700496B22 /* Debug */ = {
			isa = XCBuildConfiguration;
			buildSettings = {
				ALWAYS_SEARCH_USER_PATHS = NO;
				CLANG_ANALYZER_NONNULL = YES;
				CLANG_ANALYZER_NUMBER_OBJECT_CONVERSION = YES_AGGRESSIVE;
				CLANG_CXX_LANGUAGE_STANDARD = "gnu++17";
				CLANG_CXX_LIBRARY = "libc++";
				CLANG_ENABLE_MODULES = YES;
				CLANG_ENABLE_OBJC_ARC = YES;
				CLANG_ENABLE_OBJC_WEAK = YES;
				CLANG_WARN_BLOCK_CAPTURE_AUTORELEASING = YES;
				CLANG_WARN_BOOL_CONVERSION = YES;
				CLANG_WARN_COMMA = YES;
				CLANG_WARN_CONSTANT_CONVERSION = YES;
				CLANG_WARN_DEPRECATED_OBJC_IMPLEMENTATIONS = YES;
				CLANG_WARN_DIRECT_OBJC_ISA_USAGE = YES_ERROR;
				CLANG_WARN_DOCUMENTATION_COMMENTS = YES;
				CLANG_WARN_EMPTY_BODY = YES;
				CLANG_WARN_ENUM_CONVERSION = YES;
				CLANG_WARN_INFINITE_RECURSION = YES;
				CLANG_WARN_INT_CONVERSION = YES;
				CLANG_WARN_NON_LITERAL_NULL_CONVERSION = YES;
				CLANG_WARN_OBJC_IMPLICIT_RETAIN_SELF = YES;
				CLANG_WARN_OBJC_LITERAL_CONVERSION = YES;
				CLANG_WARN_OBJC_ROOT_CLASS = YES_ERROR;
				CLANG_WARN_QUOTED_INCLUDE_IN_FRAMEWORK_HEADER = YES;
				CLANG_WARN_RANGE_LOOP_ANALYSIS = YES;
				CLANG_WARN_STRICT_PROTOTYPES = YES;
				CLANG_WARN_SUSPICIOUS_MOVE = YES;
				CLANG_WARN_UNGUARDED_AVAILABILITY = YES_AGGRESSIVE;
				CLANG_WARN_UNREACHABLE_CODE = YES;
				CLANG_WARN__DUPLICATE_METHOD_MATCH = YES;
				COPY_PHASE_STRIP = NO;
				DEBUG_INFORMATION_FORMAT = dwarf;
				ENABLE_STRICT_OBJC_MSGSEND = YES;
				ENABLE_TESTABILITY = YES;
				GCC_C_LANGUAGE_STANDARD = gnu11;
				GCC_DYNAMIC_NO_PIC = NO;
				GCC_NO_COMMON_BLOCKS = YES;
				GCC_OPTIMIZATION_LEVEL = 0;
				GCC_PREPROCESSOR_DEFINITIONS = (
					"DEBUG=1",
					"$(inherited)",
				);
				GCC_WARN_64_TO_32_BIT_CONVERSION = YES;
				GCC_WARN_ABOUT_RETURN_TYPE = YES_ERROR;
				GCC_WARN_UNDECLARED_SELECTOR = YES;
				GCC_WARN_UNINITIALIZED_AUTOS = YES_AGGRESSIVE;
				GCC_WARN_UNUSED_FUNCTION = YES;
				GCC_WARN_UNUSED_VARIABLE = YES;
				IPHONEOS_DEPLOYMENT_TARGET = 15.0;
				MTL_ENABLE_DEBUG_INFO = INCLUDE_SOURCE;
				MTL_FAST_MATH = YES;
				ONLY_ACTIVE_ARCH = YES;
				SDKROOT = iphoneos;
				SWIFT_ACTIVE_COMPILATION_CONDITIONS = DEBUG;
				SWIFT_OPTIMIZATION_LEVEL = "-Onone";
			};
			name = Debug;
		};
		B392B6F1273C352700496B22 /* Release */ = {
			isa = XCBuildConfiguration;
			buildSettings = {
				ALWAYS_SEARCH_USER_PATHS = NO;
				CLANG_ANALYZER_NONNULL = YES;
				CLANG_ANALYZER_NUMBER_OBJECT_CONVERSION = YES_AGGRESSIVE;
				CLANG_CXX_LANGUAGE_STANDARD = "gnu++17";
				CLANG_CXX_LIBRARY = "libc++";
				CLANG_ENABLE_MODULES = YES;
				CLANG_ENABLE_OBJC_ARC = YES;
				CLANG_ENABLE_OBJC_WEAK = YES;
				CLANG_WARN_BLOCK_CAPTURE_AUTORELEASING = YES;
				CLANG_WARN_BOOL_CONVERSION = YES;
				CLANG_WARN_COMMA = YES;
				CLANG_WARN_CONSTANT_CONVERSION = YES;
				CLANG_WARN_DEPRECATED_OBJC_IMPLEMENTATIONS = YES;
				CLANG_WARN_DIRECT_OBJC_ISA_USAGE = YES_ERROR;
				CLANG_WARN_DOCUMENTATION_COMMENTS = YES;
				CLANG_WARN_EMPTY_BODY = YES;
				CLANG_WARN_ENUM_CONVERSION = YES;
				CLANG_WARN_INFINITE_RECURSION = YES;
				CLANG_WARN_INT_CONVERSION = YES;
				CLANG_WARN_NON_LITERAL_NULL_CONVERSION = YES;
				CLANG_WARN_OBJC_IMPLICIT_RETAIN_SELF = YES;
				CLANG_WARN_OBJC_LITERAL_CONVERSION = YES;
				CLANG_WARN_OBJC_ROOT_CLASS = YES_ERROR;
				CLANG_WARN_QUOTED_INCLUDE_IN_FRAMEWORK_HEADER = YES;
				CLANG_WARN_RANGE_LOOP_ANALYSIS = YES;
				CLANG_WARN_STRICT_PROTOTYPES = YES;
				CLANG_WARN_SUSPICIOUS_MOVE = YES;
				CLANG_WARN_UNGUARDED_AVAILABILITY = YES_AGGRESSIVE;
				CLANG_WARN_UNREACHABLE_CODE = YES;
				CLANG_WARN__DUPLICATE_METHOD_MATCH = YES;
				COPY_PHASE_STRIP = NO;
				DEBUG_INFORMATION_FORMAT = "dwarf-with-dsym";
				ENABLE_NS_ASSERTIONS = NO;
				ENABLE_STRICT_OBJC_MSGSEND = YES;
				GCC_C_LANGUAGE_STANDARD = gnu11;
				GCC_NO_COMMON_BLOCKS = YES;
				GCC_WARN_64_TO_32_BIT_CONVERSION = YES;
				GCC_WARN_ABOUT_RETURN_TYPE = YES_ERROR;
				GCC_WARN_UNDECLARED_SELECTOR = YES;
				GCC_WARN_UNINITIALIZED_AUTOS = YES_AGGRESSIVE;
				GCC_WARN_UNUSED_FUNCTION = YES;
				GCC_WARN_UNUSED_VARIABLE = YES;
				IPHONEOS_DEPLOYMENT_TARGET = 15.0;
				MTL_ENABLE_DEBUG_INFO = NO;
				MTL_FAST_MATH = YES;
				SDKROOT = iphoneos;
				SWIFT_COMPILATION_MODE = wholemodule;
				SWIFT_OPTIMIZATION_LEVEL = "-O";
				VALIDATE_PRODUCT = YES;
			};
			name = Release;
		};
		B392B6F3273C352700496B22 /* Debug */ = {
			isa = XCBuildConfiguration;
			buildSettings = {
				ASSETCATALOG_COMPILER_APPICON_NAME = AppIcon;
				ASSETCATALOG_COMPILER_GLOBAL_ACCENT_COLOR_NAME = AccentColor;
				CODE_SIGN_STYLE = Automatic;
				CURRENT_PROJECT_VERSION = 1;
				DEVELOPMENT_ASSET_PATHS = "\"Apple Frameworks/Preview Content\"";
				ENABLE_PREVIEWS = YES;
				GENERATE_INFOPLIST_FILE = YES;
				INFOPLIST_KEY_UIApplicationSceneManifest_Generation = YES;
				INFOPLIST_KEY_UIApplicationSupportsIndirectInputEvents = YES;
				INFOPLIST_KEY_UILaunchScreen_Generation = YES;
				INFOPLIST_KEY_UISupportedInterfaceOrientations_iPad = "UIInterfaceOrientationPortrait UIInterfaceOrientationPortraitUpsideDown UIInterfaceOrientationLandscapeLeft UIInterfaceOrientationLandscapeRight";
				INFOPLIST_KEY_UISupportedInterfaceOrientations_iPhone = "UIInterfaceOrientationPortrait UIInterfaceOrientationLandscapeLeft UIInterfaceOrientationLandscapeRight";
				LD_RUNPATH_SEARCH_PATHS = (
					"$(inherited)",
					"@executable_path/Frameworks",
				);
				MARKETING_VERSION = 1.0;
				PRODUCT_BUNDLE_IDENTIFIER = "com.StevePlavetzky.Apple-Frameworks";
				PRODUCT_NAME = "$(TARGET_NAME)";
				SWIFT_EMIT_LOC_STRINGS = YES;
				SWIFT_VERSION = 5.0;
				TARGETED_DEVICE_FAMILY = "1,2";
			};
			name = Debug;
		};
		B392B6F4273C352700496B22 /* Release */ = {
			isa = XCBuildConfiguration;
			buildSettings = {
				ASSETCATALOG_COMPILER_APPICON_NAME = AppIcon;
				ASSETCATALOG_COMPILER_GLOBAL_ACCENT_COLOR_NAME = AccentColor;
				CODE_SIGN_STYLE = Automatic;
				CURRENT_PROJECT_VERSION = 1;
				DEVELOPMENT_ASSET_PATHS = "\"Apple Frameworks/Preview Content\"";
				ENABLE_PREVIEWS = YES;
				GENERATE_INFOPLIST_FILE = YES;
				INFOPLIST_KEY_UIApplicationSceneManifest_Generation = YES;
				INFOPLIST_KEY_UIApplicationSupportsIndirectInputEvents = YES;
				INFOPLIST_KEY_UILaunchScreen_Generation = YES;
				INFOPLIST_KEY_UISupportedInterfaceOrientations_iPad = "UIInterfaceOrientationPortrait UIInterfaceOrientationPortraitUpsideDown UIInterfaceOrientationLandscapeLeft UIInterfaceOrientationLandscapeRight";
				INFOPLIST_KEY_UISupportedInterfaceOrientations_iPhone = "UIInterfaceOrientationPortrait UIInterfaceOrientationLandscapeLeft UIInterfaceOrientationLandscapeRight";
				LD_RUNPATH_SEARCH_PATHS = (
					"$(inherited)",
					"@executable_path/Frameworks",
				);
				MARKETING_VERSION = 1.0;
				PRODUCT_BUNDLE_IDENTIFIER = "com.StevePlavetzky.Apple-Frameworks";
				PRODUCT_NAME = "$(TARGET_NAME)";
				SWIFT_EMIT_LOC_STRINGS = YES;
				SWIFT_VERSION = 5.0;
				TARGETED_DEVICE_FAMILY = "1,2";
			};
			name = Release;
		};
		B392B6F6273C352700496B22 /* Debug */ = {
			isa = XCBuildConfiguration;
			buildSettings = {
				ALWAYS_EMBED_SWIFT_STANDARD_LIBRARIES = YES;
				BUNDLE_LOADER = "$(TEST_HOST)";
				CODE_SIGN_STYLE = Automatic;
				CURRENT_PROJECT_VERSION = 1;
				GENERATE_INFOPLIST_FILE = YES;
				IPHONEOS_DEPLOYMENT_TARGET = 15.0;
				LD_RUNPATH_SEARCH_PATHS = (
					"$(inherited)",
					"@executable_path/Frameworks",
					"@loader_path/Frameworks",
				);
				MARKETING_VERSION = 1.0;
				PRODUCT_BUNDLE_IDENTIFIER = "com.StevePlavetzky.Apple-FrameworksTests";
				PRODUCT_NAME = "$(TARGET_NAME)";
				SWIFT_EMIT_LOC_STRINGS = NO;
				SWIFT_VERSION = 5.0;
				TARGETED_DEVICE_FAMILY = "1,2";
				TEST_HOST = "$(BUILT_PRODUCTS_DIR)/Apple Frameworks.app/Apple Frameworks";
			};
			name = Debug;
		};
		B392B6F7273C352700496B22 /* Release */ = {
			isa = XCBuildConfiguration;
			buildSettings = {
				ALWAYS_EMBED_SWIFT_STANDARD_LIBRARIES = YES;
				BUNDLE_LOADER = "$(TEST_HOST)";
				CODE_SIGN_STYLE = Automatic;
				CURRENT_PROJECT_VERSION = 1;
				GENERATE_INFOPLIST_FILE = YES;
				IPHONEOS_DEPLOYMENT_TARGET = 15.0;
				LD_RUNPATH_SEARCH_PATHS = (
					"$(inherited)",
					"@executable_path/Frameworks",
					"@loader_path/Frameworks",
				);
				MARKETING_VERSION = 1.0;
				PRODUCT_BUNDLE_IDENTIFIER = "com.StevePlavetzky.Apple-FrameworksTests";
				PRODUCT_NAME = "$(TARGET_NAME)";
				SWIFT_EMIT_LOC_STRINGS = NO;
				SWIFT_VERSION = 5.0;
				TARGETED_DEVICE_FAMILY = "1,2";
				TEST_HOST = "$(BUILT_PRODUCTS_DIR)/Apple Frameworks.app/Apple Frameworks";
			};
			name = Release;
		};
		B392B6F9273C352700496B22 /* Debug */ = {
			isa = XCBuildConfiguration;
			buildSettings = {
				ALWAYS_EMBED_SWIFT_STANDARD_LIBRARIES = YES;
				CODE_SIGN_STYLE = Automatic;
				CURRENT_PROJECT_VERSION = 1;
				GENERATE_INFOPLIST_FILE = YES;
				LD_RUNPATH_SEARCH_PATHS = (
					"$(inherited)",
					"@executable_path/Frameworks",
					"@loader_path/Frameworks",
				);
				MARKETING_VERSION = 1.0;
				PRODUCT_BUNDLE_IDENTIFIER = "com.StevePlavetzky.Apple-FrameworksUITests";
				PRODUCT_NAME = "$(TARGET_NAME)";
				SWIFT_EMIT_LOC_STRINGS = NO;
				SWIFT_VERSION = 5.0;
				TARGETED_DEVICE_FAMILY = "1,2";
				TEST_TARGET_NAME = "Apple Frameworks";
			};
			name = Debug;
		};
		B392B6FA273C352700496B22 /* Release */ = {
			isa = XCBuildConfiguration;
			buildSettings = {
				ALWAYS_EMBED_SWIFT_STANDARD_LIBRARIES = YES;
				CODE_SIGN_STYLE = Automatic;
				CURRENT_PROJECT_VERSION = 1;
				GENERATE_INFOPLIST_FILE = YES;
				LD_RUNPATH_SEARCH_PATHS = (
					"$(inherited)",
					"@executable_path/Frameworks",
					"@loader_path/Frameworks",
				);
				MARKETING_VERSION = 1.0;
				PRODUCT_BUNDLE_IDENTIFIER = "com.StevePlavetzky.Apple-FrameworksUITests";
				PRODUCT_NAME = "$(TARGET_NAME)";
				SWIFT_EMIT_LOC_STRINGS = NO;
				SWIFT_VERSION = 5.0;
				TARGETED_DEVICE_FAMILY = "1,2";
				TEST_TARGET_NAME = "Apple Frameworks";
			};
			name = Release;
		};
/* End XCBuildConfiguration section */

/* Begin XCConfigurationList section */
		B392B6C9273C351B00496B22 /* Build configuration list for PBXProject "Apple Frameworks" */ = {
			isa = XCConfigurationList;
			buildConfigurations = (
				B392B6F0273C352700496B22 /* Debug */,
				B392B6F1273C352700496B22 /* Release */,
			);
			defaultConfigurationIsVisible = 0;
			defaultConfigurationName = Release;
		};
		B392B6F2273C352700496B22 /* Build configuration list for PBXNativeTarget "Apple Frameworks" */ = {
			isa = XCConfigurationList;
			buildConfigurations = (
				B392B6F3273C352700496B22 /* Debug */,
				B392B6F4273C352700496B22 /* Release */,
			);
			defaultConfigurationIsVisible = 0;
			defaultConfigurationName = Release;
		};
		B392B6F5273C352700496B22 /* Build configuration list for PBXNativeTarget "Apple FrameworksTests" */ = {
			isa = XCConfigurationList;
			buildConfigurations = (
				B392B6F6273C352700496B22 /* Debug */,
				B392B6F7273C352700496B22 /* Release */,
			);
			defaultConfigurationIsVisible = 0;
			defaultConfigurationName = Release;
		};
		B392B6F8273C352700496B22 /* Build configuration list for PBXNativeTarget "Apple FrameworksUITests" */ = {
			isa = XCConfigurationList;
			buildConfigurations = (
				B392B6F9273C352700496B22 /* Debug */,
				B392B6FA273C352700496B22 /* Release */,
			);
			defaultConfigurationIsVisible = 0;
			defaultConfigurationName = Release;
		};
/* End XCConfigurationList section */
	};
	rootObject = B392B6C6273C351B00496B22 /* Project object */;
}
